
Microsoft Visual Studio Solution File, Format Version 12.00
# Visual Studio Version 17
VisualStudioVersion = 17.1.32228.430
MinimumVisualStudioVersion = 10.0.40219.1
Project("{9A19103F-16F7-4668-BE54-9A1E7A4F7556}") = "WPFHomework", "WPFHomework\WPFHomework.csproj", "{5686A98D-52D9-4E39-BE2B-A81BFD818D94}"
EndProject
Project("{9A19103F-16F7-4668-BE54-9A1E7A4F7556}") = "Calculator", "Calculator\Calculator.csproj", "{32DF4BA6-2A9A-4427-83EF-D597F6ECC40B}"
EndProject
Project("{2150E333-8FDC-42A3-9474-1A3956D46DE8}") = "Solution Items", "Solution Items", "{157DC655-9433-4DA0-ACB7-BF4AD3C6435D}"
	ProjectSection(SolutionItems) = preProject
		.editorconfig = .editorconfig
	EndProjectSection
EndProject
Project("{FAE04EC0-301F-11D3-BF4B-00C04F79EFBC}") = "TestTask", "TestTask\TestTask.csproj", "{0198267D-8759-4741-AF47-694BDF146B28}"
EndProject
Global
	GlobalSection(SolutionConfigurationPlatforms) = preSolution
		Debug|Any CPU = Debug|Any CPU
		Release|Any CPU = Release|Any CPU
	EndGlobalSection
	GlobalSection(ProjectConfigurationPlatforms) = postSolution
		{5686A98D-52D9-4E39-BE2B-A81BFD818D94}.Debug|Any CPU.ActiveCfg = Debug|Any CPU
		{5686A98D-52D9-4E39-BE2B-A81BFD818D94}.Debug|Any CPU.Build.0 = Debug|Any CPU
		{5686A98D-52D9-4E39-BE2B-A81BFD818D94}.Release|Any CPU.ActiveCfg = Release|Any CPU
		{5686A98D-52D9-4E39-BE2B-A81BFD818D94}.Release|Any CPU.Build.0 = Release|Any CPU
		{32DF4BA6-2A9A-4427-83EF-D597F6ECC40B}.Debug|Any CPU.ActiveCfg = Debug|Any CPU
		{32DF4BA6-2A9A-4427-83EF-D597F6ECC40B}.Debug|Any CPU.Build.0 = Debug|Any CPU
		{32DF4BA6-2A9A-4427-83EF-D597F6ECC40B}.Release|Any CPU.ActiveCfg = Release|Any CPU
		{32DF4BA6-2A9A-4427-83EF-D597F6ECC40B}.Release|Any CPU.Build.0 = Release|Any CPU
		{0198267D-8759-4741-AF47-694BDF146B28}.Debug|Any CPU.ActiveCfg = Debug|Any CPU
		{0198267D-8759-4741-AF47-694BDF146B28}.Debug|Any CPU.Build.0 = Debug|Any CPU
		{0198267D-8759-4741-AF47-694BDF146B28}.Release|Any CPU.ActiveCfg = Release|Any CPU
		{0198267D-8759-4741-AF47-694BDF146B28}.Release|Any CPU.Build.0 = Release|Any CPU
	EndGlobalSection
	GlobalSection(SolutionProperties) = preSolution
		HideSolutionNode = FALSE
	EndGlobalSection
	GlobalSection(ExtensibilityGlobals) = postSolution
		SolutionGuid = {BB6D550F-A204-47B6-ACCA-19D2EB7B6E1B}
	EndGlobalSection
EndGlobal
